[{<<"base32">>,
  {git,"https://github.com/ahf/base32_erlang.git",
       {ref,"40431a7480176b24863e18b92d9872e54c714df5"}},
  1},
 {<<"certifi">>,{pkg,<<"certifi">>,<<"0.3.0">>},1},
 {<<"cowboy">>,
  {git,"https://github.com/ninenines/cowboy.git",
       {ref,"d08c2ab39d38c181abda279d5c2cadfac33a50c1"}},
  0},
 {<<"cowlib">>,
  {git,"https://github.com/ninenines/cowlib.git",
       {ref,"d544a494af4dbc810fc9c15eaf5cc050cced1501"}},
  1},
 {<<"enacl">>,
  {git,"git@lab.baconsvin.org:talla/enacl.git",
       {ref,"962911f505423324a01532d5aeda25b7e44fbe8f"}},
  1},
 {<<"goldrush">>,
  {git,"git://github.com/DeadZen/goldrush.git",
       {ref,"212299233c7e7eb63a97be2777e1c05ebaa58dbe"}},
  1},
 {<<"gproc">>,
  {git,"https://github.com/uwiger/gproc.git",
       {ref,"85d8dddf2b04690cee051994b40bfa45925f9e36"}},
  1},
 {<<"hackney">>,
  {git,"https://github.com/benoitc/hackney.git",
       {ref,"d6676c6c447d933796c53c4aa4ce30cc084a5a47"}},
  0},
 {<<"idna">>,{pkg,<<"idna">>,<<"1.0.3">>},1},
 {<<"lager">>,
  {git,"https://github.com/basho/lager.git",
       {ref,"b2cb2735713e3021e0761623ff595d53a545438e"}},
  0},
 {<<"mimerl">>,{pkg,<<"mimerl">>,<<"1.0.2">>},1},
 {<<"onion">>,
  {git,"git@lab.baconsvin.org:talla/onion.git",
       {ref,"8d71e3df75016193aea2735158141da63ae652bf"}},
  0},
 {<<"ranch">>,
  {git,"https://github.com/ninenines/ranch.git",
       {ref,"741bfb73ca663394ecf7a73410506d66f01985a6"}},
  0},
 {<<"ssl_verify_hostname">>,{pkg,<<"ssl_verify_hostname">>,<<"1.0.5">>},1}].
