{"1.1.0",
[{<<"base32">>,
  {git,"https://github.com/ahf/base32_erlang.git",
       {ref,"40431a7480176b24863e18b92d9872e54c714df5"}},
  1},
 {<<"bear">>,
  {git,"git://github.com/boundary/bear.git",
       {ref,"119234548783af19b8ec75c879c5062676b92571"}},
  2},
 {<<"certifi">>,{pkg,<<"certifi">>,<<"0.6.0">>},1},
 {<<"cowboy">>,
  {git,"https://github.com/ninenines/cowboy.git",
       {ref,"d08c2ab39d38c181abda279d5c2cadfac33a50c1"}},
  0},
 {<<"cowlib">>,
  {git,"https://github.com/ninenines/cowlib.git",
       {ref,"d544a494af4dbc810fc9c15eaf5cc050cced1501"}},
  1},
 {<<"ed25519_ref10">>,
  {git,"https://lab.baconsvin.org/talla/ed25519_ref10.git",
       {ref,"93fc03be4133d01772d05435780bf8e19dd11b18"}},
  1},
 {<<"edown">>,
  {git,"git://github.com/uwiger/edown.git",
       {ref,"b7c8eb0ac1859f8fce11cbfe3526f5ec83194776"}},
  2},
 {<<"enacl">>,
  {git,"https://lab.baconsvin.org/talla/enacl.git",
       {ref,"558954539f6ebcbae9ded3d7054611ad505b7c12"}},
  1},
 {<<"exometer_core">>,
  {git,"https://github.com/Feuerlabs/exometer_core",
       {ref,"341410912dda0aa6f2e58dbe24edfe0702265418"}},
  0},
 {<<"folsom">>,
  {git,"git://github.com/folsom-project/folsom",
       {ref,"38e2cce7c64ce1f0a3a918d90394cfc0a940b1ba"}},
  1},
 {<<"goldrush">>,
  {git,"git://github.com/DeadZen/goldrush.git",
       {ref,"212299233c7e7eb63a97be2777e1c05ebaa58dbe"}},
  1},
 {<<"gproc">>,
  {git,"https://github.com/uwiger/gproc.git",
       {ref,"85d8dddf2b04690cee051994b40bfa45925f9e36"}},
  1},
 {<<"hackney">>,
  {git,"https://github.com/benoitc/hackney.git",
       {ref,"533254f1bc615550aa6a88e30d2a1785e5e3a93d"}},
  0},
 {<<"hut">>,
  {git,"git://github.com/tolbrino/hut.git",
       {ref,"025540398478ab6f95932c3234382ac5bb21ad3e"}},
  1},
 {<<"idna">>,{pkg,<<"idna">>,<<"1.2.0">>},1},
 {<<"inet_cidr">>,
  {git,"https://github.com/benoitc/inet_cidr.git",
       {ref,"1294072ab26224f4fbef70de006aadf25228a35d"}},
  1},
 {<<"lager">>,
  {git,"https://github.com/basho/lager.git",
       {ref,"8187757388c9adc915379caaab36a2f2ca26e944"}},
  0},
 {<<"meck">>,
  {git,"git://github.com/eproxus/meck.git",
       {ref,"dde759050eff19a1a80fd854d7375174b191665d"}},
  1},
 {<<"metrics">>,{pkg,<<"metrics">>,<<"1.0.1">>},1},
 {<<"mimerl">>,{pkg,<<"mimerl">>,<<"1.0.2">>},1},
 {<<"onion">>,
  {git,"https://lab.baconsvin.org/talla/onion.git",
       {ref,"ff2cc4ba1b263d5d160d334cba39630104529f65"}},
  0},
 {<<"parse_trans">>,
  {git,"git://github.com/uwiger/parse_trans.git",
       {ref,"a210adafdfbb904d156d8f22abd5fb58fc17de1e"}},
  1},
 {<<"ranch">>,
  {git,"https://github.com/ninenines/ranch.git",
       {ref,"741bfb73ca663394ecf7a73410506d66f01985a6"}},
  0},
 {<<"rlimit">>,
  {git,"https://lab.baconsvin.org/talla/rlimit.git",
       {ref,"3f8e0373cd279d02334085372c36eb1618422857"}},
  0},
 {<<"setup">>,
  {git,"git://github.com/uwiger/setup.git",
       {ref,"5c7d635145e5ffb8b0fa6b470770cdd1cb16b0b2"}},
  1},
 {<<"ssl_verify_fun">>,{pkg,<<"ssl_verify_fun">>,<<"1.1.1">>},1}]}.
[
{pkg_hash,[
 {<<"certifi">>, <<"4EBFF3BF32ABAB4268D25AC5AA0CD3D3A00F6C6FA24605B1BFD50414A8DD2624">>},
 {<<"idna">>, <<"AC62EE99DA068F43C50DC69ACF700E03A62A348360126260E87F2B54ECED86B2">>},
 {<<"metrics">>, <<"25F094DEA2CDA98213CECC3AEFF09E940299D950904393B2A29D191C346A8486">>},
 {<<"mimerl">>, <<"993F9B0E084083405ED8252B99460C4F0563E41729AB42D9074FD5E52439BE88">>},
 {<<"ssl_verify_fun">>, <<"28A4D65B7F59893BC2C7DE786DEC1E1555BD742D336043FE644AE956C3497FBE">>}]}
].
