[{<<"base32">>,
  {git,"https://github.com/ahf/base32_erlang.git",
       {ref,"40431a7480176b24863e18b92d9872e54c714df5"}},
  1},
 {<<"bear">>,
  {git,"git://github.com/boundary/bear.git",
       {ref,"119234548783af19b8ec75c879c5062676b92571"}},
  2},
 {<<"certifi">>,{pkg,<<"certifi">>,<<"0.3.0">>},1},
 {<<"cowboy">>,
  {git,"https://github.com/ninenines/cowboy.git",
       {ref,"d08c2ab39d38c181abda279d5c2cadfac33a50c1"}},
  0},
 {<<"cowlib">>,
  {git,"https://github.com/ninenines/cowlib.git",
       {ref,"d544a494af4dbc810fc9c15eaf5cc050cced1501"}},
  1},
 {<<"ed25519_ref10">>,
  {git,"https://lab.baconsvin.org/talla/ed25519_ref10.git",
       {ref,"5b0b9391a03cc265784c37c1da6ba1121251c9ea"}},
  1},
 {<<"edown">>,
  {git,"git://github.com/uwiger/edown.git",
       {ref,"b7c8eb0ac1859f8fce11cbfe3526f5ec83194776"}},
  2},
 {<<"enacl">>,
  {git,"https://lab.baconsvin.org/talla/enacl.git",
       {ref,"40a6aa93a9c5a9dd4ca7ca2e0b35a797e4ed4f11"}},
  1},
 {<<"exometer_core">>,
  {git,"https://github.com/Feuerlabs/exometer_core",
       {ref,"341410912dda0aa6f2e58dbe24edfe0702265418"}},
  0},
 {<<"folsom">>,
  {git,"git://github.com/folsom-project/folsom",
       {ref,"38e2cce7c64ce1f0a3a918d90394cfc0a940b1ba"}},
  1},
 {<<"goldrush">>,
  {git,"git://github.com/DeadZen/goldrush.git",
       {ref,"212299233c7e7eb63a97be2777e1c05ebaa58dbe"}},
  1},
 {<<"gproc">>,
  {git,"https://github.com/uwiger/gproc.git",
       {ref,"85d8dddf2b04690cee051994b40bfa45925f9e36"}},
  1},
 {<<"hackney">>,
  {git,"https://github.com/benoitc/hackney.git",
       {ref,"d6676c6c447d933796c53c4aa4ce30cc084a5a47"}},
  0},
 {<<"hut">>,
  {git,"git://github.com/tolbrino/hut.git",
       {ref,"025540398478ab6f95932c3234382ac5bb21ad3e"}},
  1},
 {<<"idna">>,{pkg,<<"idna">>,<<"1.0.3">>},1},
 {<<"inet_cidr">>,
  {git,"https://github.com/benoitc/inet_cidr.git",
       {ref,"1294072ab26224f4fbef70de006aadf25228a35d"}},
  1},
 {<<"lager">>,
  {git,"https://github.com/basho/lager.git",
       {ref,"b2cb2735713e3021e0761623ff595d53a545438e"}},
  0},
 {<<"meck">>,
  {git,"git://github.com/eproxus/meck.git",
       {ref,"dde759050eff19a1a80fd854d7375174b191665d"}},
  1},
 {<<"mimerl">>,{pkg,<<"mimerl">>,<<"1.0.2">>},1},
 {<<"onion">>,
  {git,"https://lab.baconsvin.org/talla/onion.git",
       {ref,"15495e33ba1419a3ef07530fc50cd40eb5ae54b8"}},
  0},
 {<<"parse_trans">>,
  {git,"git://github.com/uwiger/parse_trans.git",
       {ref,"a210adafdfbb904d156d8f22abd5fb58fc17de1e"}},
  1},
 {<<"ranch">>,
  {git,"https://github.com/ninenines/ranch.git",
       {ref,"741bfb73ca663394ecf7a73410506d66f01985a6"}},
  0},
 {<<"rlimit">>,
  {git,"git@lab.baconsvin.org:talla/rlimit.git",
       {ref,"3f8e0373cd279d02334085372c36eb1618422857"}},
  0},
 {<<"setup">>,
  {git,"git://github.com/uwiger/setup.git",
       {ref,"5c7d635145e5ffb8b0fa6b470770cdd1cb16b0b2"}},
  1},
 {<<"ssl_verify_hostname">>,{pkg,<<"ssl_verify_hostname">>,<<"1.0.5">>},1}].
